
Microsoft Visual Studio Solution File, Format Version 12.00
# Visual Studio 15
VisualStudioVersion = 15.0.28010.2046
MinimumVisualStudioVersion = 10.0.40219.1
Project("{FAE04EC0-301F-11D3-BF4B-00C04F79EFBC}") = "Sales.Android", "Sales\Sales.Android\Sales.Android.csproj", "{0150CF26-53E1-4B60-837F-C80B1AC07A37}"
EndProject
Project("{FAE04EC0-301F-11D3-BF4B-00C04F79EFBC}") = "Sales.iOS", "Sales\Sales.iOS\Sales.iOS.csproj", "{E1BF8569-CE37-4318-97A9-861476795D0E}"
EndProject
Project("{FAE04EC0-301F-11D3-BF4B-00C04F79EFBC}") = "Sales.UWP", "Sales\Sales.UWP\Sales.UWP.csproj", "{C31B70BC-E312-49F4-A387-398CD7F078FA}"
EndProject
Project("{FAE04EC0-301F-11D3-BF4B-00C04F79EFBC}") = "Sales", "Sales\Sales\Sales.csproj", "{838FAE06-D351-42FA-B403-93D189A9A1D7}"
EndProject
Project("{FAE04EC0-301F-11D3-BF4B-00C04F79EFBC}") = "Sales.Backend", "Sales.Backend\Sales.Backend.csproj", "{FAA95A29-663B-4CA9-9995-2BDB774AB21C}"
EndProject
Project("{FAE04EC0-301F-11D3-BF4B-00C04F79EFBC}") = "Sales.API", "Sales.API\Sales.API.csproj", "{69E200BD-9E68-4BAC-9E4B-90A0D50261AE}"
EndProject
Project("{FAE04EC0-301F-11D3-BF4B-00C04F79EFBC}") = "Sales.Domain", "Sales.Domain\Sales.Domain.csproj", "{52AE4CB0-8F8E-4D46-8D0D-7B845CD3D748}"
EndProject
Project("{FAE04EC0-301F-11D3-BF4B-00C04F79EFBC}") = "Sales.Common", "Sales.Common\Sales.Common.csproj", "{6AECA26D-5DAA-47BC-88EF-04603F8F3D07}"
EndProject
Global
	GlobalSection(SolutionConfigurationPlatforms) = preSolution
		Ad-Hoc|Any CPU = Ad-Hoc|Any CPU
		Ad-Hoc|ARM = Ad-Hoc|ARM
		Ad-Hoc|iPhone = Ad-Hoc|iPhone
		Ad-Hoc|iPhoneSimulator = Ad-Hoc|iPhoneSimulator
		Ad-Hoc|x64 = Ad-Hoc|x64
		Ad-Hoc|x86 = Ad-Hoc|x86
		AppStore|Any CPU = AppStore|Any CPU
		AppStore|ARM = AppStore|ARM
		AppStore|iPhone = AppStore|iPhone
		AppStore|iPhoneSimulator = AppStore|iPhoneSimulator
		AppStore|x64 = AppStore|x64
		AppStore|x86 = AppStore|x86
		Debug|Any CPU = Debug|Any CPU
		Debug|ARM = Debug|ARM
		Debug|iPhone = Debug|iPhone
		Debug|iPhoneSimulator = Debug|iPhoneSimulator
		Debug|x64 = Debug|x64
		Debug|x86 = Debug|x86
		Release|Any CPU = Release|Any CPU
		Release|ARM = Release|ARM
		Release|iPhone = Release|iPhone
		Release|iPhoneSimulator = Release|iPhoneSimulator
		Release|x64 = Release|x64
		Release|x86 = Release|x86
	EndGlobalSection
	GlobalSection(ProjectConfigurationPlatforms) = postSolution
		{0150CF26-53E1-4B60-837F-C80B1AC07A37}.Ad-Hoc|Any CPU.ActiveCfg = Release|Any CPU
		{0150CF26-53E1-4B60-837F-C80B1AC07A37}.Ad-Hoc|Any CPU.Build.0 = Release|Any CPU
		{0150CF26-53E1-4B60-837F-C80B1AC07A37}.Ad-Hoc|Any CPU.Deploy.0 = Release|Any CPU
		{0150CF26-53E1-4B60-837F-C80B1AC07A37}.Ad-Hoc|ARM.ActiveCfg = Release|Any CPU
		{0150CF26-53E1-4B60-837F-C80B1AC07A37}.Ad-Hoc|ARM.Build.0 = Release|Any CPU
		{0150CF26-53E1-4B60-837F-C80B1AC07A37}.Ad-Hoc|ARM.Deploy.0 = Release|Any CPU
		{0150CF26-53E1-4B60-837F-C80B1AC07A37}.Ad-Hoc|iPhone.ActiveCfg = Release|Any CPU
		{0150CF26-53E1-4B60-837F-C80B1AC07A37}.Ad-Hoc|iPhone.Build.0 = Release|Any CPU
		{0150CF26-53E1-4B60-837F-C80B1AC07A37}.Ad-Hoc|iPhone.Deploy.0 = Release|Any CPU
		{0150CF26-53E1-4B60-837F-C80B1AC07A37}.Ad-Hoc|iPhoneSimulator.ActiveCfg = Release|Any CPU
		{0150CF26-53E1-4B60-837F-C80B1AC07A37}.Ad-Hoc|iPhoneSimulator.Build.0 = Release|Any CPU
		{0150CF26-53E1-4B60-837F-C80B1AC07A37}.Ad-Hoc|iPhoneSimulator.Deploy.0 = Release|Any CPU
		{0150CF26-53E1-4B60-837F-C80B1AC07A37}.Ad-Hoc|x64.ActiveCfg = Release|Any CPU
		{0150CF26-53E1-4B60-837F-C80B1AC07A37}.Ad-Hoc|x64.Build.0 = Release|Any CPU
		{0150CF26-53E1-4B60-837F-C80B1AC07A37}.Ad-Hoc|x64.Deploy.0 = Release|Any CPU
		{0150CF26-53E1-4B60-837F-C80B1AC07A37}.Ad-Hoc|x86.ActiveCfg = Release|Any CPU
		{0150CF26-53E1-4B60-837F-C80B1AC07A37}.Ad-Hoc|x86.Build.0 = Release|Any CPU
		{0150CF26-53E1-4B60-837F-C80B1AC07A37}.Ad-Hoc|x86.Deploy.0 = Release|Any CPU
		{0150CF26-53E1-4B60-837F-C80B1AC07A37}.AppStore|Any CPU.ActiveCfg = Release|Any CPU
		{0150CF26-53E1-4B60-837F-C80B1AC07A37}.AppStore|Any CPU.Build.0 = Release|Any CPU
		{0150CF26-53E1-4B60-837F-C80B1AC07A37}.AppStore|Any CPU.Deploy.0 = Release|Any CPU
		{0150CF26-53E1-4B60-837F-C80B1AC07A37}.AppStore|ARM.ActiveCfg = Release|Any CPU
		{0150CF26-53E1-4B60-837F-C80B1AC07A37}.AppStore|ARM.Build.0 = Release|Any CPU
		{0150CF26-53E1-4B60-837F-C80B1AC07A37}.AppStore|ARM.Deploy.0 = Release|Any CPU
		{0150CF26-53E1-4B60-837F-C80B1AC07A37}.AppStore|iPhone.ActiveCfg = Release|Any CPU
		{0150CF26-53E1-4B60-837F-C80B1AC07A37}.AppStore|iPhone.Build.0 = Release|Any CPU
		{0150CF26-53E1-4B60-837F-C80B1AC07A37}.AppStore|iPhone.Deploy.0 = Release|Any CPU
		{0150CF26-53E1-4B60-837F-C80B1AC07A37}.AppStore|iPhoneSimulator.ActiveCfg = Release|Any CPU
		{0150CF26-53E1-4B60-837F-C80B1AC07A37}.AppStore|iPhoneSimulator.Build.0 = Release|Any CPU
		{0150CF26-53E1-4B60-837F-C80B1AC07A37}.AppStore|iPhoneSimulator.Deploy.0 = Release|Any CPU
		{0150CF26-53E1-4B60-837F-C80B1AC07A37}.AppStore|x64.ActiveCfg = Release|Any CPU
		{0150CF26-53E1-4B60-837F-C80B1AC07A37}.AppStore|x64.Build.0 = Release|Any CPU
		{0150CF26-53E1-4B60-837F-C80B1AC07A37}.AppStore|x64.Deploy.0 = Release|Any CPU
		{0150CF26-53E1-4B60-837F-C80B1AC07A37}.AppStore|x86.ActiveCfg = Release|Any CPU
		{0150CF26-53E1-4B60-837F-C80B1AC07A37}.AppStore|x86.Build.0 = Release|Any CPU
		{0150CF26-53E1-4B60-837F-C80B1AC07A37}.AppStore|x86.Deploy.0 = Release|Any CPU
		{0150CF26-53E1-4B60-837F-C80B1AC07A37}.Debug|Any CPU.ActiveCfg = Debug|Any CPU
		{0150CF26-53E1-4B60-837F-C80B1AC07A37}.Debug|Any CPU.Build.0 = Debug|Any CPU
		{0150CF26-53E1-4B60-837F-C80B1AC07A37}.Debug|Any CPU.Deploy.0 = Debug|Any CPU
		{0150CF26-53E1-4B60-837F-C80B1AC07A37}.Debug|ARM.ActiveCfg = Debug|Any CPU
		{0150CF26-53E1-4B60-837F-C80B1AC07A37}.Debug|ARM.Build.0 = Debug|Any CPU
		{0150CF26-53E1-4B60-837F-C80B1AC07A37}.Debug|ARM.Deploy.0 = Debug|Any CPU
		{0150CF26-53E1-4B60-837F-C80B1AC07A37}.Debug|iPhone.ActiveCfg = Debug|Any CPU
		{0150CF26-53E1-4B60-837F-C80B1AC07A37}.Debug|iPhone.Build.0 = Debug|Any CPU
		{0150CF26-53E1-4B60-837F-C80B1AC07A37}.Debug|iPhone.Deploy.0 = Debug|Any CPU
		{0150CF26-53E1-4B60-837F-C80B1AC07A37}.Debug|iPhoneSimulator.ActiveCfg = Debug|Any CPU
		{0150CF26-53E1-4B60-837F-C80B1AC07A37}.Debug|iPhoneSimulator.Build.0 = Debug|Any CPU
		{0150CF26-53E1-4B60-837F-C80B1AC07A37}.Debug|iPhoneSimulator.Deploy.0 = Debug|Any CPU
		{0150CF26-53E1-4B60-837F-C80B1AC07A37}.Debug|x64.ActiveCfg = Debug|Any CPU
		{0150CF26-53E1-4B60-837F-C80B1AC07A37}.Debug|x64.Build.0 = Debug|Any CPU
		{0150CF26-53E1-4B60-837F-C80B1AC07A37}.Debug|x64.Deploy.0 = Debug|Any CPU
		{0150CF26-53E1-4B60-837F-C80B1AC07A37}.Debug|x86.ActiveCfg = Debug|Any CPU
		{0150CF26-53E1-4B60-837F-C80B1AC07A37}.Debug|x86.Build.0 = Debug|Any CPU
		{0150CF26-53E1-4B60-837F-C80B1AC07A37}.Debug|x86.Deploy.0 = Debug|Any CPU
		{0150CF26-53E1-4B60-837F-C80B1AC07A37}.Release|Any CPU.ActiveCfg = Release|Any CPU
		{0150CF26-53E1-4B60-837F-C80B1AC07A37}.Release|Any CPU.Build.0 = Release|Any CPU
		{0150CF26-53E1-4B60-837F-C80B1AC07A37}.Release|Any CPU.Deploy.0 = Release|Any CPU
		{0150CF26-53E1-4B60-837F-C80B1AC07A37}.Release|ARM.ActiveCfg = Release|Any CPU
		{0150CF26-53E1-4B60-837F-C80B1AC07A37}.Release|ARM.Build.0 = Release|Any CPU
		{0150CF26-53E1-4B60-837F-C80B1AC07A37}.Release|ARM.Deploy.0 = Release|Any CPU
		{0150CF26-53E1-4B60-837F-C80B1AC07A37}.Release|iPhone.ActiveCfg = Release|Any CPU
		{0150CF26-53E1-4B60-837F-C80B1AC07A37}.Release|iPhone.Build.0 = Release|Any CPU
		{0150CF26-53E1-4B60-837F-C80B1AC07A37}.Release|iPhone.Deploy.0 = Release|Any CPU
		{0150CF26-53E1-4B60-837F-C80B1AC07A37}.Release|iPhoneSimulator.ActiveCfg = Release|Any CPU
		{0150CF26-53E1-4B60-837F-C80B1AC07A37}.Release|iPhoneSimulator.Build.0 = Release|Any CPU
		{0150CF26-53E1-4B60-837F-C80B1AC07A37}.Release|iPhoneSimulator.Deploy.0 = Release|Any CPU
		{0150CF26-53E1-4B60-837F-C80B1AC07A37}.Release|x64.ActiveCfg = Release|Any CPU
		{0150CF26-53E1-4B60-837F-C80B1AC07A37}.Release|x64.Build.0 = Release|Any CPU
		{0150CF26-53E1-4B60-837F-C80B1AC07A37}.Release|x64.Deploy.0 = Release|Any CPU
		{0150CF26-53E1-4B60-837F-C80B1AC07A37}.Release|x86.ActiveCfg = Release|Any CPU
		{0150CF26-53E1-4B60-837F-C80B1AC07A37}.Release|x86.Build.0 = Release|Any CPU
		{0150CF26-53E1-4B60-837F-C80B1AC07A37}.Release|x86.Deploy.0 = Release|Any CPU
		{E1BF8569-CE37-4318-97A9-861476795D0E}.Ad-Hoc|Any CPU.ActiveCfg = Ad-Hoc|iPhone
		{E1BF8569-CE37-4318-97A9-861476795D0E}.Ad-Hoc|Any CPU.Build.0 = Ad-Hoc|iPhone
		{E1BF8569-CE37-4318-97A9-861476795D0E}.Ad-Hoc|Any CPU.Deploy.0 = Ad-Hoc|iPhone
		{E1BF8569-CE37-4318-97A9-861476795D0E}.Ad-Hoc|ARM.ActiveCfg = Ad-Hoc|iPhone
		{E1BF8569-CE37-4318-97A9-861476795D0E}.Ad-Hoc|ARM.Build.0 = Ad-Hoc|iPhone
		{E1BF8569-CE37-4318-97A9-861476795D0E}.Ad-Hoc|ARM.Deploy.0 = Ad-Hoc|iPhone
		{E1BF8569-CE37-4318-97A9-861476795D0E}.Ad-Hoc|iPhone.ActiveCfg = Ad-Hoc|iPhone
		{E1BF8569-CE37-4318-97A9-861476795D0E}.Ad-Hoc|iPhone.Build.0 = Ad-Hoc|iPhone
		{E1BF8569-CE37-4318-97A9-861476795D0E}.Ad-Hoc|iPhone.Deploy.0 = Ad-Hoc|iPhone
		{E1BF8569-CE37-4318-97A9-861476795D0E}.Ad-Hoc|iPhoneSimulator.ActiveCfg = Ad-Hoc|iPhoneSimulator
		{E1BF8569-CE37-4318-97A9-861476795D0E}.Ad-Hoc|iPhoneSimulator.Build.0 = Ad-Hoc|iPhoneSimulator
		{E1BF8569-CE37-4318-97A9-861476795D0E}.Ad-Hoc|iPhoneSimulator.Deploy.0 = Ad-Hoc|iPhoneSimulator
		{E1BF8569-CE37-4318-97A9-861476795D0E}.Ad-Hoc|x64.ActiveCfg = Ad-Hoc|iPhone
		{E1BF8569-CE37-4318-97A9-861476795D0E}.Ad-Hoc|x64.Build.0 = Ad-Hoc|iPhone
		{E1BF8569-CE37-4318-97A9-861476795D0E}.Ad-Hoc|x64.Deploy.0 = Ad-Hoc|iPhone
		{E1BF8569-CE37-4318-97A9-861476795D0E}.Ad-Hoc|x86.ActiveCfg = Ad-Hoc|iPhone
		{E1BF8569-CE37-4318-97A9-861476795D0E}.Ad-Hoc|x86.Build.0 = Ad-Hoc|iPhone
		{E1BF8569-CE37-4318-97A9-861476795D0E}.Ad-Hoc|x86.Deploy.0 = Ad-Hoc|iPhone
		{E1BF8569-CE37-4318-97A9-861476795D0E}.AppStore|Any CPU.ActiveCfg = AppStore|iPhone
		{E1BF8569-CE37-4318-97A9-861476795D0E}.AppStore|Any CPU.Build.0 = AppStore|iPhone
		{E1BF8569-CE37-4318-97A9-861476795D0E}.AppStore|Any CPU.Deploy.0 = AppStore|iPhone
		{E1BF8569-CE37-4318-97A9-861476795D0E}.AppStore|ARM.ActiveCfg = AppStore|iPhone
		{E1BF8569-CE37-4318-97A9-861476795D0E}.AppStore|ARM.Build.0 = AppStore|iPhone
		{E1BF8569-CE37-4318-97A9-861476795D0E}.AppStore|ARM.Deploy.0 = AppStore|iPhone
		{E1BF8569-CE37-4318-97A9-861476795D0E}.AppStore|iPhone.ActiveCfg = AppStore|iPhone
		{E1BF8569-CE37-4318-97A9-861476795D0E}.AppStore|iPhone.Build.0 = AppStore|iPhone
		{E1BF8569-CE37-4318-97A9-861476795D0E}.AppStore|iPhone.Deploy.0 = AppStore|iPhone
		{E1BF8569-CE37-4318-97A9-861476795D0E}.AppStore|iPhoneSimulator.ActiveCfg = AppStore|iPhoneSimulator
		{E1BF8569-CE37-4318-97A9-861476795D0E}.AppStore|iPhoneSimulator.Build.0 = AppStore|iPhoneSimulator
		{E1BF8569-CE37-4318-97A9-861476795D0E}.AppStore|iPhoneSimulator.Deploy.0 = AppStore|iPhoneSimulator
		{E1BF8569-CE37-4318-97A9-861476795D0E}.AppStore|x64.ActiveCfg = AppStore|iPhone
		{E1BF8569-CE37-4318-97A9-861476795D0E}.AppStore|x64.Build.0 = AppStore|iPhone
		{E1BF8569-CE37-4318-97A9-861476795D0E}.AppStore|x64.Deploy.0 = AppStore|iPhone
		{E1BF8569-CE37-4318-97A9-861476795D0E}.AppStore|x86.ActiveCfg = AppStore|iPhone
		{E1BF8569-CE37-4318-97A9-861476795D0E}.AppStore|x86.Build.0 = AppStore|iPhone
		{E1BF8569-CE37-4318-97A9-861476795D0E}.AppStore|x86.Deploy.0 = AppStore|iPhone
		{E1BF8569-CE37-4318-97A9-861476795D0E}.Debug|Any CPU.ActiveCfg = Debug|iPhoneSimulator
		{E1BF8569-CE37-4318-97A9-861476795D0E}.Debug|Any CPU.Build.0 = Debug|iPhoneSimulator
		{E1BF8569-CE37-4318-97A9-861476795D0E}.Debug|Any CPU.Deploy.0 = Debug|iPhoneSimulator
		{E1BF8569-CE37-4318-97A9-861476795D0E}.Debug|ARM.ActiveCfg = Debug|iPhone
		{E1BF8569-CE37-4318-97A9-861476795D0E}.Debug|ARM.Build.0 = Debug|iPhone
		{E1BF8569-CE37-4318-97A9-861476795D0E}.Debug|ARM.Deploy.0 = Debug|iPhone
		{E1BF8569-CE37-4318-97A9-861476795D0E}.Debug|iPhone.ActiveCfg = Debug|iPhone
		{E1BF8569-CE37-4318-97A9-861476795D0E}.Debug|iPhone.Build.0 = Debug|iPhone
		{E1BF8569-CE37-4318-97A9-861476795D0E}.Debug|iPhone.Deploy.0 = Debug|iPhone
		{E1BF8569-CE37-4318-97A9-861476795D0E}.Debug|iPhoneSimulator.ActiveCfg = Debug|iPhoneSimulator
		{E1BF8569-CE37-4318-97A9-861476795D0E}.Debug|iPhoneSimulator.Build.0 = Debug|iPhoneSimulator
		{E1BF8569-CE37-4318-97A9-861476795D0E}.Debug|iPhoneSimulator.Deploy.0 = Debug|iPhoneSimulator
		{E1BF8569-CE37-4318-97A9-861476795D0E}.Debug|x64.ActiveCfg = Debug|iPhone
		{E1BF8569-CE37-4318-97A9-861476795D0E}.Debug|x64.Build.0 = Debug|iPhone
		{E1BF8569-CE37-4318-97A9-861476795D0E}.Debug|x64.Deploy.0 = Debug|iPhone
		{E1BF8569-CE37-4318-97A9-861476795D0E}.Debug|x86.ActiveCfg = Debug|iPhone
		{E1BF8569-CE37-4318-97A9-861476795D0E}.Debug|x86.Build.0 = Debug|iPhone
		{E1BF8569-CE37-4318-97A9-861476795D0E}.Debug|x86.Deploy.0 = Debug|iPhone
		{E1BF8569-CE37-4318-97A9-861476795D0E}.Release|Any CPU.ActiveCfg = Release|iPhone
		{E1BF8569-CE37-4318-97A9-861476795D0E}.Release|Any CPU.Build.0 = Release|iPhone
		{E1BF8569-CE37-4318-97A9-861476795D0E}.Release|Any CPU.Deploy.0 = Release|iPhone
		{E1BF8569-CE37-4318-97A9-861476795D0E}.Release|ARM.ActiveCfg = Release|iPhone
		{E1BF8569-CE37-4318-97A9-861476795D0E}.Release|ARM.Build.0 = Release|iPhone
		{E1BF8569-CE37-4318-97A9-861476795D0E}.Release|ARM.Deploy.0 = Release|iPhone
		{E1BF8569-CE37-4318-97A9-861476795D0E}.Release|iPhone.ActiveCfg = Release|iPhone
		{E1BF8569-CE37-4318-97A9-861476795D0E}.Release|iPhone.Build.0 = Release|iPhone
		{E1BF8569-CE37-4318-97A9-861476795D0E}.Release|iPhone.Deploy.0 = Release|iPhone
		{E1BF8569-CE37-4318-97A9-861476795D0E}.Release|iPhoneSimulator.ActiveCfg = Release|iPhoneSimulator
		{E1BF8569-CE37-4318-97A9-861476795D0E}.Release|iPhoneSimulator.Build.0 = Release|iPhoneSimulator
		{E1BF8569-CE37-4318-97A9-861476795D0E}.Release|iPhoneSimulator.Deploy.0 = Release|iPhoneSimulator
		{E1BF8569-CE37-4318-97A9-861476795D0E}.Release|x64.ActiveCfg = Release|iPhone
		{E1BF8569-CE37-4318-97A9-861476795D0E}.Release|x64.Build.0 = Release|iPhone
		{E1BF8569-CE37-4318-97A9-861476795D0E}.Release|x64.Deploy.0 = Release|iPhone
		{E1BF8569-CE37-4318-97A9-861476795D0E}.Release|x86.ActiveCfg = Release|iPhone
		{E1BF8569-CE37-4318-97A9-861476795D0E}.Release|x86.Build.0 = Release|iPhone
		{E1BF8569-CE37-4318-97A9-861476795D0E}.Release|x86.Deploy.0 = Release|iPhone
		{C31B70BC-E312-49F4-A387-398CD7F078FA}.Ad-Hoc|Any CPU.ActiveCfg = Release|x86
		{C31B70BC-E312-49F4-A387-398CD7F078FA}.Ad-Hoc|Any CPU.Build.0 = Release|x86
		{C31B70BC-E312-49F4-A387-398CD7F078FA}.Ad-Hoc|Any CPU.Deploy.0 = Release|x86
		{C31B70BC-E312-49F4-A387-398CD7F078FA}.Ad-Hoc|ARM.ActiveCfg = Release|ARM
		{C31B70BC-E312-49F4-A387-398CD7F078FA}.Ad-Hoc|ARM.Build.0 = Release|ARM
		{C31B70BC-E312-49F4-A387-398CD7F078FA}.Ad-Hoc|ARM.Deploy.0 = Release|ARM
		{C31B70BC-E312-49F4-A387-398CD7F078FA}.Ad-Hoc|iPhone.ActiveCfg = Release|x86
		{C31B70BC-E312-49F4-A387-398CD7F078FA}.Ad-Hoc|iPhone.Build.0 = Release|x86
		{C31B70BC-E312-49F4-A387-398CD7F078FA}.Ad-Hoc|iPhone.Deploy.0 = Release|x86
		{C31B70BC-E312-49F4-A387-398CD7F078FA}.Ad-Hoc|iPhoneSimulator.ActiveCfg = Release|x86
		{C31B70BC-E312-49F4-A387-398CD7F078FA}.Ad-Hoc|iPhoneSimulator.Build.0 = Release|x86
		{C31B70BC-E312-49F4-A387-398CD7F078FA}.Ad-Hoc|iPhoneSimulator.Deploy.0 = Release|x86
		{C31B70BC-E312-49F4-A387-398CD7F078FA}.Ad-Hoc|x64.ActiveCfg = Release|x64
		{C31B70BC-E312-49F4-A387-398CD7F078FA}.Ad-Hoc|x64.Build.0 = Release|x64
		{C31B70BC-E312-49F4-A387-398CD7F078FA}.Ad-Hoc|x64.Deploy.0 = Release|x64
		{C31B70BC-E312-49F4-A387-398CD7F078FA}.Ad-Hoc|x86.ActiveCfg = Release|x86
		{C31B70BC-E312-49F4-A387-398CD7F078FA}.Ad-Hoc|x86.Build.0 = Release|x86
		{C31B70BC-E312-49F4-A387-398CD7F078FA}.Ad-Hoc|x86.Deploy.0 = Release|x86
		{C31B70BC-E312-49F4-A387-398CD7F078FA}.AppStore|Any CPU.ActiveCfg = Release|x86
		{C31B70BC-E312-49F4-A387-398CD7F078FA}.AppStore|Any CPU.Build.0 = Release|x86
		{C31B70BC-E312-49F4-A387-398CD7F078FA}.AppStore|Any CPU.Deploy.0 = Release|x86
		{C31B70BC-E312-49F4-A387-398CD7F078FA}.AppStore|ARM.ActiveCfg = Release|ARM
		{C31B70BC-E312-49F4-A387-398CD7F078FA}.AppStore|ARM.Build.0 = Release|ARM
		{C31B70BC-E312-49F4-A387-398CD7F078FA}.AppStore|ARM.Deploy.0 = Release|ARM
		{C31B70BC-E312-49F4-A387-398CD7F078FA}.AppStore|iPhone.ActiveCfg = Release|x86
		{C31B70BC-E312-49F4-A387-398CD7F078FA}.AppStore|iPhone.Build.0 = Release|x86
		{C31B70BC-E312-49F4-A387-398CD7F078FA}.AppStore|iPhone.Deploy.0 = Release|x86
		{C31B70BC-E312-49F4-A387-398CD7F078FA}.AppStore|iPhoneSimulator.ActiveCfg = Release|x86
		{C31B70BC-E312-49F4-A387-398CD7F078FA}.AppStore|iPhoneSimulator.Build.0 = Release|x86
		{C31B70BC-E312-49F4-A387-398CD7F078FA}.AppStore|iPhoneSimulator.Deploy.0 = Release|x86
		{C31B70BC-E312-49F4-A387-398CD7F078FA}.AppStore|x64.ActiveCfg = Release|x64
		{C31B70BC-E312-49F4-A387-398CD7F078FA}.AppStore|x64.Build.0 = Release|x64
		{C31B70BC-E312-49F4-A387-398CD7F078FA}.AppStore|x64.Deploy.0 = Release|x64
		{C31B70BC-E312-49F4-A387-398CD7F078FA}.AppStore|x86.ActiveCfg = Release|x86
		{C31B70BC-E312-49F4-A387-398CD7F078FA}.AppStore|x86.Build.0 = Release|x86
		{C31B70BC-E312-49F4-A387-398CD7F078FA}.AppStore|x86.Deploy.0 = Release|x86
		{C31B70BC-E312-49F4-A387-398CD7F078FA}.Debug|Any CPU.ActiveCfg = Debug|x86
		{C31B70BC-E312-49F4-A387-398CD7F078FA}.Debug|Any CPU.Build.0 = Debug|x86
		{C31B70BC-E312-49F4-A387-398CD7F078FA}.Debug|Any CPU.Deploy.0 = Debug|x86
		{C31B70BC-E312-49F4-A387-398CD7F078FA}.Debug|ARM.ActiveCfg = Debug|ARM
		{C31B70BC-E312-49F4-A387-398CD7F078FA}.Debug|ARM.Build.0 = Debug|ARM
		{C31B70BC-E312-49F4-A387-398CD7F078FA}.Debug|ARM.Deploy.0 = Debug|ARM
		{C31B70BC-E312-49F4-A387-398CD7F078FA}.Debug|iPhone.ActiveCfg = Debug|x86
		{C31B70BC-E312-49F4-A387-398CD7F078FA}.Debug|iPhone.Build.0 = Debug|x86
		{C31B70BC-E312-49F4-A387-398CD7F078FA}.Debug|iPhone.Deploy.0 = Debug|x86
		{C31B70BC-E312-49F4-A387-398CD7F078FA}.Debug|iPhoneSimulator.ActiveCfg = Debug|x86
		{C31B70BC-E312-49F4-A387-398CD7F078FA}.Debug|iPhoneSimulator.Build.0 = Debug|x86
		{C31B70BC-E312-49F4-A387-398CD7F078FA}.Debug|iPhoneSimulator.Deploy.0 = Debug|x86
		{C31B70BC-E312-49F4-A387-398CD7F078FA}.Debug|x64.ActiveCfg = Debug|x64
		{C31B70BC-E312-49F4-A387-398CD7F078FA}.Debug|x64.Build.0 = Debug|x64
		{C31B70BC-E312-49F4-A387-398CD7F078FA}.Debug|x64.Deploy.0 = Debug|x64
		{C31B70BC-E312-49F4-A387-398CD7F078FA}.Debug|x86.ActiveCfg = Debug|x86
		{C31B70BC-E312-49F4-A387-398CD7F078FA}.Debug|x86.Build.0 = Debug|x86
		{C31B70BC-E312-49F4-A387-398CD7F078FA}.Debug|x86.Deploy.0 = Debug|x86
		{C31B70BC-E312-49F4-A387-398CD7F078FA}.Release|Any CPU.ActiveCfg = Release|x86
		{C31B70BC-E312-49F4-A387-398CD7F078FA}.Release|Any CPU.Build.0 = Release|x86
		{C31B70BC-E312-49F4-A387-398CD7F078FA}.Release|Any CPU.Deploy.0 = Release|x86
		{C31B70BC-E312-49F4-A387-398CD7F078FA}.Release|ARM.ActiveCfg = Release|ARM
		{C31B70BC-E312-49F4-A387-398CD7F078FA}.Release|ARM.Build.0 = Release|ARM
		{C31B70BC-E312-49F4-A387-398CD7F078FA}.Release|ARM.Deploy.0 = Release|ARM
		{C31B70BC-E312-49F4-A387-398CD7F078FA}.Release|iPhone.ActiveCfg = Release|x86
		{C31B70BC-E312-49F4-A387-398CD7F078FA}.Release|iPhone.Build.0 = Release|x86
		{C31B70BC-E312-49F4-A387-398CD7F078FA}.Release|iPhone.Deploy.0 = Release|x86
		{C31B70BC-E312-49F4-A387-398CD7F078FA}.Release|iPhoneSimulator.ActiveCfg = Release|x86
		{C31B70BC-E312-49F4-A387-398CD7F078FA}.Release|iPhoneSimulator.Build.0 = Release|x86
		{C31B70BC-E312-49F4-A387-398CD7F078FA}.Release|iPhoneSimulator.Deploy.0 = Release|x86
		{C31B70BC-E312-49F4-A387-398CD7F078FA}.Release|x64.ActiveCfg = Release|x64
		{C31B70BC-E312-49F4-A387-398CD7F078FA}.Release|x64.Build.0 = Release|x64
		{C31B70BC-E312-49F4-A387-398CD7F078FA}.Release|x64.Deploy.0 = Release|x64
		{C31B70BC-E312-49F4-A387-398CD7F078FA}.Release|x86.ActiveCfg = Release|x86
		{C31B70BC-E312-49F4-A387-398CD7F078FA}.Release|x86.Build.0 = Release|x86
		{C31B70BC-E312-49F4-A387-398CD7F078FA}.Release|x86.Deploy.0 = Release|x86
		{838FAE06-D351-42FA-B403-93D189A9A1D7}.Ad-Hoc|Any CPU.ActiveCfg = Debug|Any CPU
		{838FAE06-D351-42FA-B403-93D189A9A1D7}.Ad-Hoc|Any CPU.Build.0 = Debug|Any CPU
		{838FAE06-D351-42FA-B403-93D189A9A1D7}.Ad-Hoc|Any CPU.Deploy.0 = Debug|Any CPU
		{838FAE06-D351-42FA-B403-93D189A9A1D7}.Ad-Hoc|ARM.ActiveCfg = Debug|Any CPU
		{838FAE06-D351-42FA-B403-93D189A9A1D7}.Ad-Hoc|ARM.Build.0 = Debug|Any CPU
		{838FAE06-D351-42FA-B403-93D189A9A1D7}.Ad-Hoc|ARM.Deploy.0 = Debug|Any CPU
		{838FAE06-D351-42FA-B403-93D189A9A1D7}.Ad-Hoc|iPhone.ActiveCfg = Debug|Any CPU
		{838FAE06-D351-42FA-B403-93D189A9A1D7}.Ad-Hoc|iPhone.Build.0 = Debug|Any CPU
		{838FAE06-D351-42FA-B403-93D189A9A1D7}.Ad-Hoc|iPhone.Deploy.0 = Debug|Any CPU
		{838FAE06-D351-42FA-B403-93D189A9A1D7}.Ad-Hoc|iPhoneSimulator.ActiveCfg = Debug|Any CPU
		{838FAE06-D351-42FA-B403-93D189A9A1D7}.Ad-Hoc|iPhoneSimulator.Build.0 = Debug|Any CPU
		{838FAE06-D351-42FA-B403-93D189A9A1D7}.Ad-Hoc|iPhoneSimulator.Deploy.0 = Debug|Any CPU
		{838FAE06-D351-42FA-B403-93D189A9A1D7}.Ad-Hoc|x64.ActiveCfg = Debug|Any CPU
		{838FAE06-D351-42FA-B403-93D189A9A1D7}.Ad-Hoc|x64.Build.0 = Debug|Any CPU
		{838FAE06-D351-42FA-B403-93D189A9A1D7}.Ad-Hoc|x64.Deploy.0 = Debug|Any CPU
		{838FAE06-D351-42FA-B403-93D189A9A1D7}.Ad-Hoc|x86.ActiveCfg = Debug|Any CPU
		{838FAE06-D351-42FA-B403-93D189A9A1D7}.Ad-Hoc|x86.Build.0 = Debug|Any CPU
		{838FAE06-D351-42FA-B403-93D189A9A1D7}.Ad-Hoc|x86.Deploy.0 = Debug|Any CPU
		{838FAE06-D351-42FA-B403-93D189A9A1D7}.AppStore|Any CPU.ActiveCfg = Debug|Any CPU
		{838FAE06-D351-42FA-B403-93D189A9A1D7}.AppStore|Any CPU.Build.0 = Debug|Any CPU
		{838FAE06-D351-42FA-B403-93D189A9A1D7}.AppStore|Any CPU.Deploy.0 = Debug|Any CPU
		{838FAE06-D351-42FA-B403-93D189A9A1D7}.AppStore|ARM.ActiveCfg = Debug|Any CPU
		{838FAE06-D351-42FA-B403-93D189A9A1D7}.AppStore|ARM.Build.0 = Debug|Any CPU
		{838FAE06-D351-42FA-B403-93D189A9A1D7}.AppStore|ARM.Deploy.0 = Debug|Any CPU
		{838FAE06-D351-42FA-B403-93D189A9A1D7}.AppStore|iPhone.ActiveCfg = Debug|Any CPU
		{838FAE06-D351-42FA-B403-93D189A9A1D7}.AppStore|iPhone.Build.0 = Debug|Any CPU
		{838FAE06-D351-42FA-B403-93D189A9A1D7}.AppStore|iPhone.Deploy.0 = Debug|Any CPU
		{838FAE06-D351-42FA-B403-93D189A9A1D7}.AppStore|iPhoneSimulator.ActiveCfg = Debug|Any CPU
		{838FAE06-D351-42FA-B403-93D189A9A1D7}.AppStore|iPhoneSimulator.Build.0 = Debug|Any CPU
		{838FAE06-D351-42FA-B403-93D189A9A1D7}.AppStore|iPhoneSimulator.Deploy.0 = Debug|Any CPU
		{838FAE06-D351-42FA-B403-93D189A9A1D7}.AppStore|x64.ActiveCfg = Debug|Any CPU
		{838FAE06-D351-42FA-B403-93D189A9A1D7}.AppStore|x64.Build.0 = Debug|Any CPU
		{838FAE06-D351-42FA-B403-93D189A9A1D7}.AppStore|x64.Deploy.0 = Debug|Any CPU
		{838FAE06-D351-42FA-B403-93D189A9A1D7}.AppStore|x86.ActiveCfg = Debug|Any CPU
		{838FAE06-D351-42FA-B403-93D189A9A1D7}.AppStore|x86.Build.0 = Debug|Any CPU
		{838FAE06-D351-42FA-B403-93D189A9A1D7}.AppStore|x86.Deploy.0 = Debug|Any CPU
		{838FAE06-D351-42FA-B403-93D189A9A1D7}.Debug|Any CPU.ActiveCfg = Debug|Any CPU
		{838FAE06-D351-42FA-B403-93D189A9A1D7}.Debug|Any CPU.Build.0 = Debug|Any CPU
		{838FAE06-D351-42FA-B403-93D189A9A1D7}.Debug|Any CPU.Deploy.0 = Debug|Any CPU
		{838FAE06-D351-42FA-B403-93D189A9A1D7}.Debug|ARM.ActiveCfg = Debug|Any CPU
		{838FAE06-D351-42FA-B403-93D189A9A1D7}.Debug|ARM.Build.0 = Debug|Any CPU
		{838FAE06-D351-42FA-B403-93D189A9A1D7}.Debug|ARM.Deploy.0 = Debug|Any CPU
		{838FAE06-D351-42FA-B403-93D189A9A1D7}.Debug|iPhone.ActiveCfg = Debug|Any CPU
		{838FAE06-D351-42FA-B403-93D189A9A1D7}.Debug|iPhone.Build.0 = Debug|Any CPU
		{838FAE06-D351-42FA-B403-93D189A9A1D7}.Debug|iPhone.Deploy.0 = Debug|Any CPU
		{838FAE06-D351-42FA-B403-93D189A9A1D7}.Debug|iPhoneSimulator.ActiveCfg = Debug|Any CPU
		{838FAE06-D351-42FA-B403-93D189A9A1D7}.Debug|iPhoneSimulator.Build.0 = Debug|Any CPU
		{838FAE06-D351-42FA-B403-93D189A9A1D7}.Debug|iPhoneSimulator.Deploy.0 = Debug|Any CPU
		{838FAE06-D351-42FA-B403-93D189A9A1D7}.Debug|x64.ActiveCfg = Debug|Any CPU
		{838FAE06-D351-42FA-B403-93D189A9A1D7}.Debug|x64.Build.0 = Debug|Any CPU
		{838FAE06-D351-42FA-B403-93D189A9A1D7}.Debug|x64.Deploy.0 = Debug|Any CPU
		{838FAE06-D351-42FA-B403-93D189A9A1D7}.Debug|x86.ActiveCfg = Debug|Any CPU
		{838FAE06-D351-42FA-B403-93D189A9A1D7}.Debug|x86.Build.0 = Debug|Any CPU
		{838FAE06-D351-42FA-B403-93D189A9A1D7}.Debug|x86.Deploy.0 = Debug|Any CPU
		{838FAE06-D351-42FA-B403-93D189A9A1D7}.Release|Any CPU.ActiveCfg = Release|Any CPU
		{838FAE06-D351-42FA-B403-93D189A9A1D7}.Release|Any CPU.Build.0 = Release|Any CPU
		{838FAE06-D351-42FA-B403-93D189A9A1D7}.Release|Any CPU.Deploy.0 = Release|Any CPU
		{838FAE06-D351-42FA-B403-93D189A9A1D7}.Release|ARM.ActiveCfg = Release|Any CPU
		{838FAE06-D351-42FA-B403-93D189A9A1D7}.Release|ARM.Build.0 = Release|Any CPU
		{838FAE06-D351-42FA-B403-93D189A9A1D7}.Release|ARM.Deploy.0 = Release|Any CPU
		{838FAE06-D351-42FA-B403-93D189A9A1D7}.Release|iPhone.ActiveCfg = Release|Any CPU
		{838FAE06-D351-42FA-B403-93D189A9A1D7}.Release|iPhone.Build.0 = Release|Any CPU
		{838FAE06-D351-42FA-B403-93D189A9A1D7}.Release|iPhone.Deploy.0 = Release|Any CPU
		{838FAE06-D351-42FA-B403-93D189A9A1D7}.Release|iPhoneSimulator.ActiveCfg = Release|Any CPU
		{838FAE06-D351-42FA-B403-93D189A9A1D7}.Release|iPhoneSimulator.Build.0 = Release|Any CPU
		{838FAE06-D351-42FA-B403-93D189A9A1D7}.Release|iPhoneSimulator.Deploy.0 = Release|Any CPU
		{838FAE06-D351-42FA-B403-93D189A9A1D7}.Release|x64.ActiveCfg = Release|Any CPU
		{838FAE06-D351-42FA-B403-93D189A9A1D7}.Release|x64.Build.0 = Release|Any CPU
		{838FAE06-D351-42FA-B403-93D189A9A1D7}.Release|x64.Deploy.0 = Release|Any CPU
		{838FAE06-D351-42FA-B403-93D189A9A1D7}.Release|x86.ActiveCfg = Release|Any CPU
		{838FAE06-D351-42FA-B403-93D189A9A1D7}.Release|x86.Build.0 = Release|Any CPU
		{838FAE06-D351-42FA-B403-93D189A9A1D7}.Release|x86.Deploy.0 = Release|Any CPU
		{FAA95A29-663B-4CA9-9995-2BDB774AB21C}.Ad-Hoc|Any CPU.ActiveCfg = Release|Any CPU
		{FAA95A29-663B-4CA9-9995-2BDB774AB21C}.Ad-Hoc|Any CPU.Build.0 = Release|Any CPU
		{FAA95A29-663B-4CA9-9995-2BDB774AB21C}.Ad-Hoc|ARM.ActiveCfg = Release|Any CPU
		{FAA95A29-663B-4CA9-9995-2BDB774AB21C}.Ad-Hoc|ARM.Build.0 = Release|Any CPU
		{FAA95A29-663B-4CA9-9995-2BDB774AB21C}.Ad-Hoc|iPhone.ActiveCfg = Release|Any CPU
		{FAA95A29-663B-4CA9-9995-2BDB774AB21C}.Ad-Hoc|iPhone.Build.0 = Release|Any CPU
		{FAA95A29-663B-4CA9-9995-2BDB774AB21C}.Ad-Hoc|iPhoneSimulator.ActiveCfg = Release|Any CPU
		{FAA95A29-663B-4CA9-9995-2BDB774AB21C}.Ad-Hoc|iPhoneSimulator.Build.0 = Release|Any CPU
		{FAA95A29-663B-4CA9-9995-2BDB774AB21C}.Ad-Hoc|x64.ActiveCfg = Release|Any CPU
		{FAA95A29-663B-4CA9-9995-2BDB774AB21C}.Ad-Hoc|x64.Build.0 = Release|Any CPU
		{FAA95A29-663B-4CA9-9995-2BDB774AB21C}.Ad-Hoc|x86.ActiveCfg = Release|Any CPU
		{FAA95A29-663B-4CA9-9995-2BDB774AB21C}.Ad-Hoc|x86.Build.0 = Release|Any CPU
		{FAA95A29-663B-4CA9-9995-2BDB774AB21C}.AppStore|Any CPU.ActiveCfg = Release|Any CPU
		{FAA95A29-663B-4CA9-9995-2BDB774AB21C}.AppStore|Any CPU.Build.0 = Release|Any CPU
		{FAA95A29-663B-4CA9-9995-2BDB774AB21C}.AppStore|ARM.ActiveCfg = Release|Any CPU
		{FAA95A29-663B-4CA9-9995-2BDB774AB21C}.AppStore|ARM.Build.0 = Release|Any CPU
		{FAA95A29-663B-4CA9-9995-2BDB774AB21C}.AppStore|iPhone.ActiveCfg = Release|Any CPU
		{FAA95A29-663B-4CA9-9995-2BDB774AB21C}.AppStore|iPhone.Build.0 = Release|Any CPU
		{FAA95A29-663B-4CA9-9995-2BDB774AB21C}.AppStore|iPhoneSimulator.ActiveCfg = Release|Any CPU
		{FAA95A29-663B-4CA9-9995-2BDB774AB21C}.AppStore|iPhoneSimulator.Build.0 = Release|Any CPU
		{FAA95A29-663B-4CA9-9995-2BDB774AB21C}.AppStore|x64.ActiveCfg = Release|Any CPU
		{FAA95A29-663B-4CA9-9995-2BDB774AB21C}.AppStore|x64.Build.0 = Release|Any CPU
		{FAA95A29-663B-4CA9-9995-2BDB774AB21C}.AppStore|x86.ActiveCfg = Release|Any CPU
		{FAA95A29-663B-4CA9-9995-2BDB774AB21C}.AppStore|x86.Build.0 = Release|Any CPU
		{FAA95A29-663B-4CA9-9995-2BDB774AB21C}.Debug|Any CPU.ActiveCfg = Debug|Any CPU
		{FAA95A29-663B-4CA9-9995-2BDB774AB21C}.Debug|Any CPU.Build.0 = Debug|Any CPU
		{FAA95A29-663B-4CA9-9995-2BDB774AB21C}.Debug|ARM.ActiveCfg = Debug|Any CPU
		{FAA95A29-663B-4CA9-9995-2BDB774AB21C}.Debug|ARM.Build.0 = Debug|Any CPU
		{FAA95A29-663B-4CA9-9995-2BDB774AB21C}.Debug|iPhone.ActiveCfg = Debug|Any CPU
		{FAA95A29-663B-4CA9-9995-2BDB774AB21C}.Debug|iPhone.Build.0 = Debug|Any CPU
		{FAA95A29-663B-4CA9-9995-2BDB774AB21C}.Debug|iPhoneSimulator.ActiveCfg = Debug|Any CPU
		{FAA95A29-663B-4CA9-9995-2BDB774AB21C}.Debug|iPhoneSimulator.Build.0 = Debug|Any CPU
		{FAA95A29-663B-4CA9-9995-2BDB774AB21C}.Debug|x64.ActiveCfg = Debug|Any CPU
		{FAA95A29-663B-4CA9-9995-2BDB774AB21C}.Debug|x64.Build.0 = Debug|Any CPU
		{FAA95A29-663B-4CA9-9995-2BDB774AB21C}.Debug|x86.ActiveCfg = Debug|Any CPU
		{FAA95A29-663B-4CA9-9995-2BDB774AB21C}.Debug|x86.Build.0 = Debug|Any CPU
		{FAA95A29-663B-4CA9-9995-2BDB774AB21C}.Release|Any CPU.ActiveCfg = Release|Any CPU
		{FAA95A29-663B-4CA9-9995-2BDB774AB21C}.Release|Any CPU.Build.0 = Release|Any CPU
		{FAA95A29-663B-4CA9-9995-2BDB774AB21C}.Release|ARM.ActiveCfg = Release|Any CPU
		{FAA95A29-663B-4CA9-9995-2BDB774AB21C}.Release|ARM.Build.0 = Release|Any CPU
		{FAA95A29-663B-4CA9-9995-2BDB774AB21C}.Release|iPhone.ActiveCfg = Release|Any CPU
		{FAA95A29-663B-4CA9-9995-2BDB774AB21C}.Release|iPhone.Build.0 = Release|Any CPU
		{FAA95A29-663B-4CA9-9995-2BDB774AB21C}.Release|iPhoneSimulator.ActiveCfg = Release|Any CPU
		{FAA95A29-663B-4CA9-9995-2BDB774AB21C}.Release|iPhoneSimulator.Build.0 = Release|Any CPU
		{FAA95A29-663B-4CA9-9995-2BDB774AB21C}.Release|x64.ActiveCfg = Release|Any CPU
		{FAA95A29-663B-4CA9-9995-2BDB774AB21C}.Release|x64.Build.0 = Release|Any CPU
		{FAA95A29-663B-4CA9-9995-2BDB774AB21C}.Release|x86.ActiveCfg = Release|Any CPU
		{FAA95A29-663B-4CA9-9995-2BDB774AB21C}.Release|x86.Build.0 = Release|Any CPU
		{69E200BD-9E68-4BAC-9E4B-90A0D50261AE}.Ad-Hoc|Any CPU.ActiveCfg = Release|Any CPU
		{69E200BD-9E68-4BAC-9E4B-90A0D50261AE}.Ad-Hoc|Any CPU.Build.0 = Release|Any CPU
		{69E200BD-9E68-4BAC-9E4B-90A0D50261AE}.Ad-Hoc|ARM.ActiveCfg = Release|Any CPU
		{69E200BD-9E68-4BAC-9E4B-90A0D50261AE}.Ad-Hoc|ARM.Build.0 = Release|Any CPU
		{69E200BD-9E68-4BAC-9E4B-90A0D50261AE}.Ad-Hoc|iPhone.ActiveCfg = Release|Any CPU
		{69E200BD-9E68-4BAC-9E4B-90A0D50261AE}.Ad-Hoc|iPhone.Build.0 = Release|Any CPU
		{69E200BD-9E68-4BAC-9E4B-90A0D50261AE}.Ad-Hoc|iPhoneSimulator.ActiveCfg = Release|Any CPU
		{69E200BD-9E68-4BAC-9E4B-90A0D50261AE}.Ad-Hoc|iPhoneSimulator.Build.0 = Release|Any CPU
		{69E200BD-9E68-4BAC-9E4B-90A0D50261AE}.Ad-Hoc|x64.ActiveCfg = Release|Any CPU
		{69E200BD-9E68-4BAC-9E4B-90A0D50261AE}.Ad-Hoc|x64.Build.0 = Release|Any CPU
		{69E200BD-9E68-4BAC-9E4B-90A0D50261AE}.Ad-Hoc|x86.ActiveCfg = Release|Any CPU
		{69E200BD-9E68-4BAC-9E4B-90A0D50261AE}.Ad-Hoc|x86.Build.0 = Release|Any CPU
		{69E200BD-9E68-4BAC-9E4B-90A0D50261AE}.AppStore|Any CPU.ActiveCfg = Release|Any CPU
		{69E200BD-9E68-4BAC-9E4B-90A0D50261AE}.AppStore|Any CPU.Build.0 = Release|Any CPU
		{69E200BD-9E68-4BAC-9E4B-90A0D50261AE}.AppStore|ARM.ActiveCfg = Release|Any CPU
		{69E200BD-9E68-4BAC-9E4B-90A0D50261AE}.AppStore|ARM.Build.0 = Release|Any CPU
		{69E200BD-9E68-4BAC-9E4B-90A0D50261AE}.AppStore|iPhone.ActiveCfg = Release|Any CPU
		{69E200BD-9E68-4BAC-9E4B-90A0D50261AE}.AppStore|iPhone.Build.0 = Release|Any CPU
		{69E200BD-9E68-4BAC-9E4B-90A0D50261AE}.AppStore|iPhoneSimulator.ActiveCfg = Release|Any CPU
		{69E200BD-9E68-4BAC-9E4B-90A0D50261AE}.AppStore|iPhoneSimulator.Build.0 = Release|Any CPU
		{69E200BD-9E68-4BAC-9E4B-90A0D50261AE}.AppStore|x64.ActiveCfg = Release|Any CPU
		{69E200BD-9E68-4BAC-9E4B-90A0D50261AE}.AppStore|x64.Build.0 = Release|Any CPU
		{69E200BD-9E68-4BAC-9E4B-90A0D50261AE}.AppStore|x86.ActiveCfg = Release|Any CPU
		{69E200BD-9E68-4BAC-9E4B-90A0D50261AE}.AppStore|x86.Build.0 = Release|Any CPU
		{69E200BD-9E68-4BAC-9E4B-90A0D50261AE}.Debug|Any CPU.ActiveCfg = Debug|Any CPU
		{69E200BD-9E68-4BAC-9E4B-90A0D50261AE}.Debug|Any CPU.Build.0 = Debug|Any CPU
		{69E200BD-9E68-4BAC-9E4B-90A0D50261AE}.Debug|ARM.ActiveCfg = Debug|Any CPU
		{69E200BD-9E68-4BAC-9E4B-90A0D50261AE}.Debug|ARM.Build.0 = Debug|Any CPU
		{69E200BD-9E68-4BAC-9E4B-90A0D50261AE}.Debug|iPhone.ActiveCfg = Debug|Any CPU
		{69E200BD-9E68-4BAC-9E4B-90A0D50261AE}.Debug|iPhone.Build.0 = Debug|Any CPU
		{69E200BD-9E68-4BAC-9E4B-90A0D50261AE}.Debug|iPhoneSimulator.ActiveCfg = Debug|Any CPU
		{69E200BD-9E68-4BAC-9E4B-90A0D50261AE}.Debug|iPhoneSimulator.Build.0 = Debug|Any CPU
		{69E200BD-9E68-4BAC-9E4B-90A0D50261AE}.Debug|x64.ActiveCfg = Debug|Any CPU
		{69E200BD-9E68-4BAC-9E4B-90A0D50261AE}.Debug|x64.Build.0 = Debug|Any CPU
		{69E200BD-9E68-4BAC-9E4B-90A0D50261AE}.Debug|x86.ActiveCfg = Debug|Any CPU
		{69E200BD-9E68-4BAC-9E4B-90A0D50261AE}.Debug|x86.Build.0 = Debug|Any CPU
		{69E200BD-9E68-4BAC-9E4B-90A0D50261AE}.Release|Any CPU.ActiveCfg = Release|Any CPU
		{69E200BD-9E68-4BAC-9E4B-90A0D50261AE}.Release|Any CPU.Build.0 = Release|Any CPU
		{69E200BD-9E68-4BAC-9E4B-90A0D50261AE}.Release|ARM.ActiveCfg = Release|Any CPU
		{69E200BD-9E68-4BAC-9E4B-90A0D50261AE}.Release|ARM.Build.0 = Release|Any CPU
		{69E200BD-9E68-4BAC-9E4B-90A0D50261AE}.Release|iPhone.ActiveCfg = Release|Any CPU
		{69E200BD-9E68-4BAC-9E4B-90A0D50261AE}.Release|iPhone.Build.0 = Release|Any CPU
		{69E200BD-9E68-4BAC-9E4B-90A0D50261AE}.Release|iPhoneSimulator.ActiveCfg = Release|Any CPU
		{69E200BD-9E68-4BAC-9E4B-90A0D50261AE}.Release|iPhoneSimulator.Build.0 = Release|Any CPU
		{69E200BD-9E68-4BAC-9E4B-90A0D50261AE}.Release|x64.ActiveCfg = Release|Any CPU
		{69E200BD-9E68-4BAC-9E4B-90A0D50261AE}.Release|x64.Build.0 = Release|Any CPU
		{69E200BD-9E68-4BAC-9E4B-90A0D50261AE}.Release|x86.ActiveCfg = Release|Any CPU
		{69E200BD-9E68-4BAC-9E4B-90A0D50261AE}.Release|x86.Build.0 = Release|Any CPU
		{52AE4CB0-8F8E-4D46-8D0D-7B845CD3D748}.Ad-Hoc|Any CPU.ActiveCfg = Release|Any CPU
		{52AE4CB0-8F8E-4D46-8D0D-7B845CD3D748}.Ad-Hoc|Any CPU.Build.0 = Release|Any CPU
		{52AE4CB0-8F8E-4D46-8D0D-7B845CD3D748}.Ad-Hoc|ARM.ActiveCfg = Release|Any CPU
		{52AE4CB0-8F8E-4D46-8D0D-7B845CD3D748}.Ad-Hoc|ARM.Build.0 = Release|Any CPU
		{52AE4CB0-8F8E-4D46-8D0D-7B845CD3D748}.Ad-Hoc|iPhone.ActiveCfg = Release|Any CPU
		{52AE4CB0-8F8E-4D46-8D0D-7B845CD3D748}.Ad-Hoc|iPhone.Build.0 = Release|Any CPU
		{52AE4CB0-8F8E-4D46-8D0D-7B845CD3D748}.Ad-Hoc|iPhoneSimulator.ActiveCfg = Release|Any CPU
		{52AE4CB0-8F8E-4D46-8D0D-7B845CD3D748}.Ad-Hoc|iPhoneSimulator.Build.0 = Release|Any CPU
		{52AE4CB0-8F8E-4D46-8D0D-7B845CD3D748}.Ad-Hoc|x64.ActiveCfg = Release|Any CPU
		{52AE4CB0-8F8E-4D46-8D0D-7B845CD3D748}.Ad-Hoc|x64.Build.0 = Release|Any CPU
		{52AE4CB0-8F8E-4D46-8D0D-7B845CD3D748}.Ad-Hoc|x86.ActiveCfg = Release|Any CPU
		{52AE4CB0-8F8E-4D46-8D0D-7B845CD3D748}.Ad-Hoc|x86.Build.0 = Release|Any CPU
		{52AE4CB0-8F8E-4D46-8D0D-7B845CD3D748}.AppStore|Any CPU.ActiveCfg = Release|Any CPU
		{52AE4CB0-8F8E-4D46-8D0D-7B845CD3D748}.AppStore|Any CPU.Build.0 = Release|Any CPU
		{52AE4CB0-8F8E-4D46-8D0D-7B845CD3D748}.AppStore|ARM.ActiveCfg = Release|Any CPU
		{52AE4CB0-8F8E-4D46-8D0D-7B845CD3D748}.AppStore|ARM.Build.0 = Release|Any CPU
		{52AE4CB0-8F8E-4D46-8D0D-7B845CD3D748}.AppStore|iPhone.ActiveCfg = Release|Any CPU
		{52AE4CB0-8F8E-4D46-8D0D-7B845CD3D748}.AppStore|iPhone.Build.0 = Release|Any CPU
		{52AE4CB0-8F8E-4D46-8D0D-7B845CD3D748}.AppStore|iPhoneSimulator.ActiveCfg = Release|Any CPU
		{52AE4CB0-8F8E-4D46-8D0D-7B845CD3D748}.AppStore|iPhoneSimulator.Build.0 = Release|Any CPU
		{52AE4CB0-8F8E-4D46-8D0D-7B845CD3D748}.AppStore|x64.ActiveCfg = Release|Any CPU
		{52AE4CB0-8F8E-4D46-8D0D-7B845CD3D748}.AppStore|x64.Build.0 = Release|Any CPU
		{52AE4CB0-8F8E-4D46-8D0D-7B845CD3D748}.AppStore|x86.ActiveCfg = Release|Any CPU
		{52AE4CB0-8F8E-4D46-8D0D-7B845CD3D748}.AppStore|x86.Build.0 = Release|Any CPU
		{52AE4CB0-8F8E-4D46-8D0D-7B845CD3D748}.Debug|Any CPU.ActiveCfg = Debug|Any CPU
		{52AE4CB0-8F8E-4D46-8D0D-7B845CD3D748}.Debug|Any CPU.Build.0 = Debug|Any CPU
		{52AE4CB0-8F8E-4D46-8D0D-7B845CD3D748}.Debug|ARM.ActiveCfg = Debug|Any CPU
		{52AE4CB0-8F8E-4D46-8D0D-7B845CD3D748}.Debug|ARM.Build.0 = Debug|Any CPU
		{52AE4CB0-8F8E-4D46-8D0D-7B845CD3D748}.Debug|iPhone.ActiveCfg = Debug|Any CPU
		{52AE4CB0-8F8E-4D46-8D0D-7B845CD3D748}.Debug|iPhone.Build.0 = Debug|Any CPU
		{52AE4CB0-8F8E-4D46-8D0D-7B845CD3D748}.Debug|iPhoneSimulator.ActiveCfg = Debug|Any CPU
		{52AE4CB0-8F8E-4D46-8D0D-7B845CD3D748}.Debug|iPhoneSimulator.Build.0 = Debug|Any CPU
		{52AE4CB0-8F8E-4D46-8D0D-7B845CD3D748}.Debug|x64.ActiveCfg = Debug|Any CPU
		{52AE4CB0-8F8E-4D46-8D0D-7B845CD3D748}.Debug|x64.Build.0 = Debug|Any CPU
		{52AE4CB0-8F8E-4D46-8D0D-7B845CD3D748}.Debug|x86.ActiveCfg = Debug|Any CPU
		{52AE4CB0-8F8E-4D46-8D0D-7B845CD3D748}.Debug|x86.Build.0 = Debug|Any CPU
		{52AE4CB0-8F8E-4D46-8D0D-7B845CD3D748}.Release|Any CPU.ActiveCfg = Release|Any CPU
		{52AE4CB0-8F8E-4D46-8D0D-7B845CD3D748}.Release|Any CPU.Build.0 = Release|Any CPU
		{52AE4CB0-8F8E-4D46-8D0D-7B845CD3D748}.Release|ARM.ActiveCfg = Release|Any CPU
		{52AE4CB0-8F8E-4D46-8D0D-7B845CD3D748}.Release|ARM.Build.0 = Release|Any CPU
		{52AE4CB0-8F8E-4D46-8D0D-7B845CD3D748}.Release|iPhone.ActiveCfg = Release|Any CPU
		{52AE4CB0-8F8E-4D46-8D0D-7B845CD3D748}.Release|iPhone.Build.0 = Release|Any CPU
		{52AE4CB0-8F8E-4D46-8D0D-7B845CD3D748}.Release|iPhoneSimulator.ActiveCfg = Release|Any CPU
		{52AE4CB0-8F8E-4D46-8D0D-7B845CD3D748}.Release|iPhoneSimulator.Build.0 = Release|Any CPU
		{52AE4CB0-8F8E-4D46-8D0D-7B845CD3D748}.Release|x64.ActiveCfg = Release|Any CPU
		{52AE4CB0-8F8E-4D46-8D0D-7B845CD3D748}.Release|x64.Build.0 = Release|Any CPU
		{52AE4CB0-8F8E-4D46-8D0D-7B845CD3D748}.Release|x86.ActiveCfg = Release|Any CPU
		{52AE4CB0-8F8E-4D46-8D0D-7B845CD3D748}.Release|x86.Build.0 = Release|Any CPU
		{6AECA26D-5DAA-47BC-88EF-04603F8F3D07}.Ad-Hoc|Any CPU.ActiveCfg = Release|Any CPU
		{6AECA26D-5DAA-47BC-88EF-04603F8F3D07}.Ad-Hoc|Any CPU.Build.0 = Release|Any CPU
		{6AECA26D-5DAA-47BC-88EF-04603F8F3D07}.Ad-Hoc|ARM.ActiveCfg = Release|Any CPU
		{6AECA26D-5DAA-47BC-88EF-04603F8F3D07}.Ad-Hoc|ARM.Build.0 = Release|Any CPU
		{6AECA26D-5DAA-47BC-88EF-04603F8F3D07}.Ad-Hoc|iPhone.ActiveCfg = Release|Any CPU
		{6AECA26D-5DAA-47BC-88EF-04603F8F3D07}.Ad-Hoc|iPhone.Build.0 = Release|Any CPU
		{6AECA26D-5DAA-47BC-88EF-04603F8F3D07}.Ad-Hoc|iPhoneSimulator.ActiveCfg = Release|Any CPU
		{6AECA26D-5DAA-47BC-88EF-04603F8F3D07}.Ad-Hoc|iPhoneSimulator.Build.0 = Release|Any CPU
		{6AECA26D-5DAA-47BC-88EF-04603F8F3D07}.Ad-Hoc|x64.ActiveCfg = Release|Any CPU
		{6AECA26D-5DAA-47BC-88EF-04603F8F3D07}.Ad-Hoc|x64.Build.0 = Release|Any CPU
		{6AECA26D-5DAA-47BC-88EF-04603F8F3D07}.Ad-Hoc|x86.ActiveCfg = Release|Any CPU
		{6AECA26D-5DAA-47BC-88EF-04603F8F3D07}.Ad-Hoc|x86.Build.0 = Release|Any CPU
		{6AECA26D-5DAA-47BC-88EF-04603F8F3D07}.AppStore|Any CPU.ActiveCfg = Release|Any CPU
		{6AECA26D-5DAA-47BC-88EF-04603F8F3D07}.AppStore|Any CPU.Build.0 = Release|Any CPU
		{6AECA26D-5DAA-47BC-88EF-04603F8F3D07}.AppStore|ARM.ActiveCfg = Release|Any CPU
		{6AECA26D-5DAA-47BC-88EF-04603F8F3D07}.AppStore|ARM.Build.0 = Release|Any CPU
		{6AECA26D-5DAA-47BC-88EF-04603F8F3D07}.AppStore|iPhone.ActiveCfg = Release|Any CPU
		{6AECA26D-5DAA-47BC-88EF-04603F8F3D07}.AppStore|iPhone.Build.0 = Release|Any CPU
		{6AECA26D-5DAA-47BC-88EF-04603F8F3D07}.AppStore|iPhoneSimulator.ActiveCfg = Release|Any CPU
		{6AECA26D-5DAA-47BC-88EF-04603F8F3D07}.AppStore|iPhoneSimulator.Build.0 = Release|Any CPU
		{6AECA26D-5DAA-47BC-88EF-04603F8F3D07}.AppStore|x64.ActiveCfg = Release|Any CPU
		{6AECA26D-5DAA-47BC-88EF-04603F8F3D07}.AppStore|x64.Build.0 = Release|Any CPU
		{6AECA26D-5DAA-47BC-88EF-04603F8F3D07}.AppStore|x86.ActiveCfg = Release|Any CPU
		{6AECA26D-5DAA-47BC-88EF-04603F8F3D07}.AppStore|x86.Build.0 = Release|Any CPU
		{6AECA26D-5DAA-47BC-88EF-04603F8F3D07}.Debug|Any CPU.ActiveCfg = Debug|Any CPU
		{6AECA26D-5DAA-47BC-88EF-04603F8F3D07}.Debug|Any CPU.Build.0 = Debug|Any CPU
		{6AECA26D-5DAA-47BC-88EF-04603F8F3D07}.Debug|ARM.ActiveCfg = Debug|Any CPU
		{6AECA26D-5DAA-47BC-88EF-04603F8F3D07}.Debug|ARM.Build.0 = Debug|Any CPU
		{6AECA26D-5DAA-47BC-88EF-04603F8F3D07}.Debug|iPhone.ActiveCfg = Debug|Any CPU
		{6AECA26D-5DAA-47BC-88EF-04603F8F3D07}.Debug|iPhone.Build.0 = Debug|Any CPU
		{6AECA26D-5DAA-47BC-88EF-04603F8F3D07}.Debug|iPhoneSimulator.ActiveCfg = Debug|Any CPU
		{6AECA26D-5DAA-47BC-88EF-04603F8F3D07}.Debug|iPhoneSimulator.Build.0 = Debug|Any CPU
		{6AECA26D-5DAA-47BC-88EF-04603F8F3D07}.Debug|x64.ActiveCfg = Debug|Any CPU
		{6AECA26D-5DAA-47BC-88EF-04603F8F3D07}.Debug|x64.Build.0 = Debug|Any CPU
		{6AECA26D-5DAA-47BC-88EF-04603F8F3D07}.Debug|x86.ActiveCfg = Debug|Any CPU
		{6AECA26D-5DAA-47BC-88EF-04603F8F3D07}.Debug|x86.Build.0 = Debug|Any CPU
		{6AECA26D-5DAA-47BC-88EF-04603F8F3D07}.Release|Any CPU.ActiveCfg = Release|Any CPU
		{6AECA26D-5DAA-47BC-88EF-04603F8F3D07}.Release|Any CPU.Build.0 = Release|Any CPU
		{6AECA26D-5DAA-47BC-88EF-04603F8F3D07}.Release|ARM.ActiveCfg = Release|Any CPU
		{6AECA26D-5DAA-47BC-88EF-04603F8F3D07}.Release|ARM.Build.0 = Release|Any CPU
		{6AECA26D-5DAA-47BC-88EF-04603F8F3D07}.Release|iPhone.ActiveCfg = Release|Any CPU
		{6AECA26D-5DAA-47BC-88EF-04603F8F3D07}.Release|iPhone.Build.0 = Release|Any CPU
		{6AECA26D-5DAA-47BC-88EF-04603F8F3D07}.Release|iPhoneSimulator.ActiveCfg = Release|Any CPU
		{6AECA26D-5DAA-47BC-88EF-04603F8F3D07}.Release|iPhoneSimulator.Build.0 = Release|Any CPU
		{6AECA26D-5DAA-47BC-88EF-04603F8F3D07}.Release|x64.ActiveCfg = Release|Any CPU
		{6AECA26D-5DAA-47BC-88EF-04603F8F3D07}.Release|x64.Build.0 = Release|Any CPU
		{6AECA26D-5DAA-47BC-88EF-04603F8F3D07}.Release|x86.ActiveCfg = Release|Any CPU
		{6AECA26D-5DAA-47BC-88EF-04603F8F3D07}.Release|x86.Build.0 = Release|Any CPU
	EndGlobalSection
	GlobalSection(SolutionProperties) = preSolution
		HideSolutionNode = FALSE
	EndGlobalSection
	GlobalSection(ExtensibilityGlobals) = postSolution
		SolutionGuid = {8AE1FD73-8D21-4CE6-97E9-061EF3F1BB8F}
	EndGlobalSection
EndGlobal
